// !$*UTF8*$!
{
	archiveVersion = 1;
	classes = {
	};
	objectVersion = 50;
	objects = {

/* Begin PBXBuildFile section */
		2213F0B4218AA33D007F770D /* DataModel.xcdatamodeld in Sources */ = {isa = PBXBuildFile; fileRef = 2213F0B2218AA33D007F770D /* DataModel.xcdatamodeld */; };
		222031EA2196FC78009DC271 /* CategoryViewController.swift in Sources */ = {isa = PBXBuildFile; fileRef = 222031E92196FC78009DC271 /* CategoryViewController.swift */; };
		225835172186C39900BE92D0 /* AppDelegate.swift in Sources */ = {isa = PBXBuildFile; fileRef = 225835162186C39900BE92D0 /* AppDelegate.swift */; };
		225835192186C39900BE92D0 /* ToDoListViewController.swift in Sources */ = {isa = PBXBuildFile; fileRef = 225835182186C39900BE92D0 /* ToDoListViewController.swift */; };
		2258351C2186C39900BE92D0 /* Main.storyboard in Resources */ = {isa = PBXBuildFile; fileRef = 2258351A2186C39900BE92D0 /* Main.storyboard */; };
		2258351E2186C39C00BE92D0 /* Assets.xcassets in Resources */ = {isa = PBXBuildFile; fileRef = 2258351D2186C39C00BE92D0 /* Assets.xcassets */; };
		225835212186C39C00BE92D0 /* LaunchScreen.storyboard in Resources */ = {isa = PBXBuildFile; fileRef = 2258351F2186C39C00BE92D0 /* LaunchScreen.storyboard */; };
		3EE3CBBA7D26E1D6DE79957E /* Pods_Todoey.framework in Frameworks */ = {isa = PBXBuildFile; fileRef = 092A4865B00AF3D1259634A3 /* Pods_Todoey.framework */; };
/* End PBXBuildFile section */

/* Begin PBXContainerItemProxy section */
		93496280219ABF1F0036CBA3 /* PBXContainerItemProxy */ = {
			isa = PBXContainerItemProxy;
			containerPortal = 9349627A219ABF1F0036CBA3 /* Pods.xcodeproj */;
			proxyType = 2;
			remoteGlobalIDString = C04490CF8217C5658F9F282AC9F84311;
			remoteInfo = "Pods-Todoey";
		};
		93496282219ABF1F0036CBA3 /* PBXContainerItemProxy */ = {
			isa = PBXContainerItemProxy;
			containerPortal = 9349627A219ABF1F0036CBA3 /* Pods.xcodeproj */;
			proxyType = 2;
			remoteGlobalIDString = EF12904A15018487D336DDAA0B814BB7;
			remoteInfo = Realm;
		};
		93496284219ABF1F0036CBA3 /* PBXContainerItemProxy */ = {
			isa = PBXContainerItemProxy;
			containerPortal = 9349627A219ABF1F0036CBA3 /* Pods.xcodeproj */;
			proxyType = 2;
			remoteGlobalIDString = 97290B22A97924A3FDC9A941E982956D;
			remoteInfo = RealmSwift;
		};
/* End PBXContainerItemProxy section */

/* Begin PBXFileReference section */
		092A4865B00AF3D1259634A3 /* Pods_Todoey.framework */ = {isa = PBXFileReference; explicitFileType = wrapper.framework; includeInIndex = 0; path = Pods_Todoey.framework; sourceTree = BUILT_PRODUCTS_DIR; };
		2213F0B3218AA33D007F770D /* DataModel.xcdatamodel */ = {isa = PBXFileReference; lastKnownFileType = wrapper.xcdatamodel; path = DataModel.xcdatamodel; sourceTree = "<group>"; };
		222031E92196FC78009DC271 /* CategoryViewController.swift */ = {isa = PBXFileReference; lastKnownFileType = sourcecode.swift; path = CategoryViewController.swift; sourceTree = "<group>"; };
		225835132186C39900BE92D0 /* Todoey.app */ = {isa = PBXFileReference; explicitFileType = wrapper.application; includeInIndex = 0; path = Todoey.app; sourceTree = BUILT_PRODUCTS_DIR; };
		225835162186C39900BE92D0 /* AppDelegate.swift */ = {isa = PBXFileReference; lastKnownFileType = sourcecode.swift; path = AppDelegate.swift; sourceTree = "<group>"; };
		225835182186C39900BE92D0 /* ToDoListViewController.swift */ = {isa = PBXFileReference; lastKnownFileType = sourcecode.swift; path = ToDoListViewController.swift; sourceTree = "<group>"; };
		2258351B2186C39900BE92D0 /* Base */ = {isa = PBXFileReference; lastKnownFileType = file.storyboard; name = Base; path = Base.lproj/Main.storyboard; sourceTree = "<group>"; };
		2258351D2186C39C00BE92D0 /* Assets.xcassets */ = {isa = PBXFileReference; lastKnownFileType = folder.assetcatalog; path = Assets.xcassets; sourceTree = "<group>"; };
		225835202186C39C00BE92D0 /* Base */ = {isa = PBXFileReference; lastKnownFileType = file.storyboard; name = Base; path = Base.lproj/LaunchScreen.storyboard; sourceTree = "<group>"; };
		225835222186C39C00BE92D0 /* Info.plist */ = {isa = PBXFileReference; lastKnownFileType = text.plist.xml; path = Info.plist; sourceTree = "<group>"; };
		337E2E7A9933BE0ECB521D5E /* Pods-Todoey.release.xcconfig */ = {isa = PBXFileReference; includeInIndex = 1; lastKnownFileType = text.xcconfig; name = "Pods-Todoey.release.xcconfig"; path = "Pods/Target Support Files/Pods-Todoey/Pods-Todoey.release.xcconfig"; sourceTree = "<group>"; };
		9349627A219ABF1F0036CBA3 /* Pods.xcodeproj */ = {isa = PBXFileReference; lastKnownFileType = "wrapper.pb-project"; name = Pods.xcodeproj; path = Pods/Pods.xcodeproj; sourceTree = "<group>"; };
		9F6D300B2F5463AFB9948D05 /* Pods-Todoey.debug.xcconfig */ = {isa = PBXFileReference; includeInIndex = 1; lastKnownFileType = text.xcconfig; name = "Pods-Todoey.debug.xcconfig"; path = "Pods/Target Support Files/Pods-Todoey/Pods-Todoey.debug.xcconfig"; sourceTree = "<group>"; };
/* End PBXFileReference section */

/* Begin PBXFrameworksBuildPhase section */
		225835102186C39900BE92D0 /* Frameworks */ = {
			isa = PBXFrameworksBuildPhase;
			buildActionMask = 2147483647;
			files = (
				3EE3CBBA7D26E1D6DE79957E /* Pods_Todoey.framework in Frameworks */,
			);
			runOnlyForDeploymentPostprocessing = 0;
		};
/* End PBXFrameworksBuildPhase section */

/* Begin PBXGroup section */
		2258350A2186C39900BE92D0 = {
			isa = PBXGroup;
			children = (
				225835152186C39900BE92D0 /* Todoey */,
				225835142186C39900BE92D0 /* Products */,
				E1FC6C891A0E05421936EA62 /* Pods */,
				CF027A3A6839183D7F569354 /* Frameworks */,
			);
			sourceTree = "<group>";
		};
		225835142186C39900BE92D0 /* Products */ = {
			isa = PBXGroup;
			children = (
				225835132186C39900BE92D0 /* Todoey.app */,
			);
			name = Products;
			sourceTree = "<group>";
		};
		225835152186C39900BE92D0 /* Todoey */ = {
			isa = PBXGroup;
			children = (
				225835162186C39900BE92D0 /* AppDelegate.swift */,
				22F621FF21896D4E00AFFEAC /* Controllers */,
				22F621FE21896D2900AFFEAC /* Data Model */,
				22F6220021896DBA00AFFEAC /* Views */,
				22F6220121896DEB00AFFEAC /* Supporting Files */,
				225835222186C39C00BE92D0 /* Info.plist */,
			);
			path = Todoey;
			sourceTree = "<group>";
		};
		22F621FE21896D2900AFFEAC /* Data Model */ = {
			isa = PBXGroup;
			children = (
				2213F0B2218AA33D007F770D /* DataModel.xcdatamodeld */,
			);
			path = "Data Model";
			sourceTree = "<group>";
		};
		22F621FF21896D4E00AFFEAC /* Controllers */ = {
			isa = PBXGroup;
			children = (
				222031E92196FC78009DC271 /* CategoryViewController.swift */,
				225835182186C39900BE92D0 /* ToDoListViewController.swift */,
			);
			path = Controllers;
			sourceTree = "<group>";
		};
		22F6220021896DBA00AFFEAC /* Views */ = {
			isa = PBXGroup;
			children = (
				2258351A2186C39900BE92D0 /* Main.storyboard */,
			);
			path = Views;
			sourceTree = "<group>";
		};
		22F6220121896DEB00AFFEAC /* Supporting Files */ = {
			isa = PBXGroup;
			children = (
				2258351D2186C39C00BE92D0 /* Assets.xcassets */,
				2258351F2186C39C00BE92D0 /* LaunchScreen.storyboard */,
			);
			path = "Supporting Files";
			sourceTree = "<group>";
		};
		9349627B219ABF1F0036CBA3 /* Products */ = {
			isa = PBXGroup;
			children = (
				93496281219ABF1F0036CBA3 /* Pods_Todoey.framework */,
				93496283219ABF1F0036CBA3 /* Realm.framework */,
				93496285219ABF1F0036CBA3 /* RealmSwift.framework */,
			);
			name = Products;
			sourceTree = "<group>";
		};
		CF027A3A6839183D7F569354 /* Frameworks */ = {
			isa = PBXGroup;
			children = (
				092A4865B00AF3D1259634A3 /* Pods_Todoey.framework */,
			);
			name = Frameworks;
			sourceTree = "<group>";
		};
		E1FC6C891A0E05421936EA62 /* Pods */ = {
			isa = PBXGroup;
			children = (
				9F6D300B2F5463AFB9948D05 /* Pods-Todoey.debug.xcconfig */,
				337E2E7A9933BE0ECB521D5E /* Pods-Todoey.release.xcconfig */,
			);
			name = Pods;
			sourceTree = "<group>";
		};
/* End PBXGroup section */

/* Begin PBXNativeTarget section */
		225835122186C39900BE92D0 /* Todoey */ = {
			isa = PBXNativeTarget;
			buildConfigurationList = 225835252186C39C00BE92D0 /* Build configuration list for PBXNativeTarget "Todoey" */;
			buildPhases = (
				95631BC2D4E8C37957534276 /* [CP] Check Pods Manifest.lock */,
				2258350F2186C39900BE92D0 /* Sources */,
				225835102186C39900BE92D0 /* Frameworks */,
				225835112186C39900BE92D0 /* Resources */,
				B19CE6FBA920ADD1119F56FA /* [CP] Embed Pods Frameworks */,
			);
			buildRules = (
			);
			dependencies = (
			);
			name = Todoey;
			productName = Todoey;
			productReference = 225835132186C39900BE92D0 /* Todoey.app */;
			productType = "com.apple.product-type.application";
		};
/* End PBXNativeTarget section */

/* Begin PBXProject section */
		2258350B2186C39900BE92D0 /* Project object */ = {
			isa = PBXProject;
			attributes = {
				LastSwiftUpdateCheck = 0930;
				LastUpgradeCheck = 0930;
				ORGANIZATIONNAME = "Zoe Freeman";
				TargetAttributes = {
					225835122186C39900BE92D0 = {
						CreatedOnToolsVersion = 9.3;
					};
				};
			};
			buildConfigurationList = 2258350E2186C39900BE92D0 /* Build configuration list for PBXProject "Todoey" */;
			compatibilityVersion = "Xcode 9.3";
			developmentRegion = en;
			hasScannedForEncodings = 0;
			knownRegions = (
				en,
				Base,
			);
			mainGroup = 2258350A2186C39900BE92D0;
			productRefGroup = 225835142186C39900BE92D0 /* Products */;
			projectDirPath = "";
			projectReferences = (
				{
					ProductGroup = 9349627B219ABF1F0036CBA3 /* Products */;
					ProjectRef = 9349627A219ABF1F0036CBA3 /* Pods.xcodeproj */;
				},
			);
			projectRoot = "";
			targets = (
				225835122186C39900BE92D0 /* Todoey */,
			);
		};
/* End PBXProject section */

/* Begin PBXReferenceProxy section */
		93496281219ABF1F0036CBA3 /* Pods_Todoey.framework */ = {
			isa = PBXReferenceProxy;
			fileType = wrapper.framework;
			path = Pods_Todoey.framework;
			remoteRef = 93496280219ABF1F0036CBA3 /* PBXContainerItemProxy */;
			sourceTree = BUILT_PRODUCTS_DIR;
		};
		93496283219ABF1F0036CBA3 /* Realm.framework */ = {
			isa = PBXReferenceProxy;
			fileType = wrapper.framework;
			path = Realm.framework;
			remoteRef = 93496282219ABF1F0036CBA3 /* PBXContainerItemProxy */;
			sourceTree = BUILT_PRODUCTS_DIR;
		};
		93496285219ABF1F0036CBA3 /* RealmSwift.framework */ = {
			isa = PBXReferenceProxy;
			fileType = wrapper.framework;
			path = RealmSwift.framework;
			remoteRef = 93496284219ABF1F0036CBA3 /* PBXContainerItemProxy */;
			sourceTree = BUILT_PRODUCTS_DIR;
		};
/* End PBXReferenceProxy section */

/* Begin PBXResourcesBuildPhase section */
		225835112186C39900BE92D0 /* Resources */ = {
			isa = PBXResourcesBuildPhase;
			buildActionMask = 2147483647;
			files = (
				225835212186C39C00BE92D0 /* LaunchScreen.storyboard in Resources */,
				2258351E2186C39C00BE92D0 /* Assets.xcassets in Resources */,
				2258351C2186C39900BE92D0 /* Main.storyboard in Resources */,
			);
			runOnlyForDeploymentPostprocessing = 0;
		};
/* End PBXResourcesBuildPhase section */

/* Begin PBXShellScriptBuildPhase section */
		95631BC2D4E8C37957534276 /* [CP] Check Pods Manifest.lock */ = {
			isa = PBXShellScriptBuildPhase;
			buildActionMask = 2147483647;
			files = (
			);
			inputPaths = (
				"${PODS_PODFILE_DIR_PATH}/Podfile.lock",
				"${PODS_ROOT}/Manifest.lock",
			);
			name = "[CP] Check Pods Manifest.lock";
			outputPaths = (
				"$(DERIVED_FILE_DIR)/Pods-Todoey-checkManifestLockResult.txt",
			);
			runOnlyForDeploymentPostprocessing = 0;
			shellPath = /bin/sh;
			shellScript = "diff \"${PODS_PODFILE_DIR_PATH}/Podfile.lock\" \"${PODS_ROOT}/Manifest.lock\" > /dev/null\nif [ $? != 0 ] ; then\n    # print error to STDERR\n    echo \"error: The sandbox is not in sync with the Podfile.lock. Run 'pod install' or update your CocoaPods installation.\" >&2\n    exit 1\nfi\n# This output is used by Xcode 'outputs' to avoid re-running this script phase.\necho \"SUCCESS\" > \"${SCRIPT_OUTPUT_FILE_0}\"\n";
			showEnvVarsInLog = 0;
		};
		B19CE6FBA920ADD1119F56FA /* [CP] Embed Pods Frameworks */ = {
			isa = PBXShellScriptBuildPhase;
			buildActionMask = 2147483647;
			files = (
			);
			inputPaths = (
				"${SRCROOT}/Pods/Target Support Files/Pods-Todoey/Pods-Todoey-frameworks.sh",
				"${BUILT_PRODUCTS_DIR}/Realm/Realm.framework",
				"${BUILT_PRODUCTS_DIR}/RealmSwift/RealmSwift.framework",
			);
			name = "[CP] Embed Pods Frameworks";
			outputPaths = (
				"${TARGET_BUILD_DIR}/${FRAMEWORKS_FOLDER_PATH}/Realm.framework",
				"${TARGET_BUILD_DIR}/${FRAMEWORKS_FOLDER_PATH}/RealmSwift.framework",
			);
			runOnlyForDeploymentPostprocessing = 0;
			shellPath = /bin/sh;
			shellScript = "\"${SRCROOT}/Pods/Target Support Files/Pods-Todoey/Pods-Todoey-frameworks.sh\"\n";
			showEnvVarsInLog = 0;
		};
/* End PBXShellScriptBuildPhase section */

/* Begin PBXSourcesBuildPhase section */
		2258350F2186C39900BE92D0 /* Sources */ = {
			isa = PBXSourcesBuildPhase;
			buildActionMask = 2147483647;
			files = (
				222031EA2196FC78009DC271 /* CategoryViewController.swift in Sources */,
				225835192186C39900BE92D0 /* ToDoListViewController.swift in Sources */,
				2213F0B4218AA33D007F770D /* DataModel.xcdatamodeld in Sources */,
				225835172186C39900BE92D0 /* AppDelegate.swift in Sources */,
			);
			runOnlyForDeploymentPostprocessing = 0;
		};
/* End PBXSourcesBuildPhase section */

/* Begin PBXVariantGroup section */
		2258351A2186C39900BE92D0 /* Main.storyboard */ = {
			isa = PBXVariantGroup;
			children = (
				2258351B2186C39900BE92D0 /* Base */,
			);
			name = Main.storyboard;
			sourceTree = "<group>";
		};
		2258351F2186C39C00BE92D0 /* LaunchScreen.storyboard */ = {
			isa = PBXVariantGroup;
			children = (
				225835202186C39C00BE92D0 /* Base */,
			);
			name = LaunchScreen.storyboard;
			sourceTree = "<group>";
		};
/* End PBXVariantGroup section */

/* Begin XCBuildConfiguration section */
		225835232186C39C00BE92D0 /* Debug */ = {
			isa = XCBuildConfiguration;
			buildSettings = {
				ALWAYS_SEARCH_USER_PATHS = NO;
				CLANG_ANALYZER_NONNULL = YES;
				CLANG_ANALYZER_NUMBER_OBJECT_CONVERSION = YES_AGGRESSIVE;
				CLANG_CXX_LANGUAGE_STANDARD = "gnu++14";
				CLANG_CXX_LIBRARY = "libc++";
				CLANG_ENABLE_MODULES = YES;
				CLANG_ENABLE_OBJC_ARC = YES;
				CLANG_ENABLE_OBJC_WEAK = YES;
				CLANG_WARN_BLOCK_CAPTURE_AUTORELEASING = YES;
				CLANG_WARN_BOOL_CONVERSION = YES;
				CLANG_WARN_COMMA = YES;
				CLANG_WARN_CONSTANT_CONVERSION = YES;
				CLANG_WARN_DEPRECATED_OBJC_IMPLEMENTATIONS = YES;
				CLANG_WARN_DIRECT_OBJC_ISA_USAGE = YES_ERROR;
				CLANG_WARN_DOCUMENTATION_COMMENTS = YES;
				CLANG_WARN_EMPTY_BODY = YES;
				CLANG_WARN_ENUM_CONVERSION = YES;
				CLANG_WARN_INFINITE_RECURSION = YES;
				CLANG_WARN_INT_CONVERSION = YES;
				CLANG_WARN_NON_LITERAL_NULL_CONVERSION = YES;
				CLANG_WARN_OBJC_IMPLICIT_RETAIN_SELF = YES;
				CLANG_WARN_OBJC_LITERAL_CONVERSION = YES;
				CLANG_WARN_OBJC_ROOT_CLASS = YES_ERROR;
				CLANG_WARN_RANGE_LOOP_ANALYSIS = YES;
				CLANG_WARN_STRICT_PROTOTYPES = YES;
				CLANG_WARN_SUSPICIOUS_MOVE = YES;
				CLANG_WARN_UNGUARDED_AVAILABILITY = YES_AGGRESSIVE;
				CLANG_WARN_UNREACHABLE_CODE = YES;
				CLANG_WARN__DUPLICATE_METHOD_MATCH = YES;
				CODE_SIGN_IDENTITY = "iPhone Developer";
				COPY_PHASE_STRIP = NO;
				DEBUG_INFORMATION_FORMAT = dwarf;
				ENABLE_STRICT_OBJC_MSGSEND = YES;
				ENABLE_TESTABILITY = YES;
				GCC_C_LANGUAGE_STANDARD = gnu11;
				GCC_DYNAMIC_NO_PIC = NO;
				GCC_NO_COMMON_BLOCKS = YES;
				GCC_OPTIMIZATION_LEVEL = 0;
				GCC_PREPROCESSOR_DEFINITIONS = (
					"DEBUG=1",
					"$(inherited)",
				);
				GCC_WARN_64_TO_32_BIT_CONVERSION = YES;
				GCC_WARN_ABOUT_RETURN_TYPE = YES_ERROR;
				GCC_WARN_UNDECLARED_SELECTOR = YES;
				GCC_WARN_UNINITIALIZED_AUTOS = YES_AGGRESSIVE;
				GCC_WARN_UNUSED_FUNCTION = YES;
				GCC_WARN_UNUSED_VARIABLE = YES;
				IPHONEOS_DEPLOYMENT_TARGET = 11.3;
				MTL_ENABLE_DEBUG_INFO = YES;
				ONLY_ACTIVE_ARCH = YES;
				SDKROOT = iphoneos;
				SWIFT_ACTIVE_COMPILATION_CONDITIONS = DEBUG;
				SWIFT_OPTIMIZATION_LEVEL = "-Onone";
			};
			name = Debug;
		};
		225835242186C39C00BE92D0 /* Release */ = {
			isa = XCBuildConfiguration;
			buildSettings = {
				ALWAYS_SEARCH_USER_PATHS = NO;
				CLANG_ANALYZER_NONNULL = YES;
				CLANG_ANALYZER_NUMBER_OBJECT_CONVERSION = YES_AGGRESSIVE;
				CLANG_CXX_LANGUAGE_STANDARD = "gnu++14";
				CLANG_CXX_LIBRARY = "libc++";
				CLANG_ENABLE_MODULES = YES;
				CLANG_ENABLE_OBJC_ARC = YES;
				CLANG_ENABLE_OBJC_WEAK = YES;
				CLANG_WARN_BLOCK_CAPTURE_AUTORELEASING = YES;
				CLANG_WARN_BOOL_CONVERSION = YES;
				CLANG_WARN_COMMA = YES;
				CLANG_WARN_CONSTANT_CONVERSION = YES;
				CLANG_WARN_DEPRECATED_OBJC_IMPLEMENTATIONS = YES;
				CLANG_WARN_DIRECT_OBJC_ISA_USAGE = YES_ERROR;
				CLANG_WARN_DOCUMENTATION_COMMENTS = YES;
				CLANG_WARN_EMPTY_BODY = YES;
				CLANG_WARN_ENUM_CONVERSION = YES;
				CLANG_WARN_INFINITE_RECURSION = YES;
				CLANG_WARN_INT_CONVERSION = YES;
				CLANG_WARN_NON_LITERAL_NULL_CONVERSION = YES;
				CLANG_WARN_OBJC_IMPLICIT_RETAIN_SELF = YES;
				CLANG_WARN_OBJC_LITERAL_CONVERSION = YES;
				CLANG_WARN_OBJC_ROOT_CLASS = YES_ERROR;
				CLANG_WARN_RANGE_LOOP_ANALYSIS = YES;
				CLANG_WARN_STRICT_PROTOTYPES = YES;
				CLANG_WARN_SUSPICIOUS_MOVE = YES;
				CLANG_WARN_UNGUARDED_AVAILABILITY = YES_AGGRESSIVE;
				CLANG_WARN_UNREACHABLE_CODE = YES;
				CLANG_WARN__DUPLICATE_METHOD_MATCH = YES;
				CODE_SIGN_IDENTITY = "iPhone Developer";
				COPY_PHASE_STRIP = NO;
				DEBUG_INFORMATION_FORMAT = "dwarf-with-dsym";
				ENABLE_NS_ASSERTIONS = NO;
				ENABLE_STRICT_OBJC_MSGSEND = YES;
				GCC_C_LANGUAGE_STANDARD = gnu11;
				GCC_NO_COMMON_BLOCKS = YES;
				GCC_WARN_64_TO_32_BIT_CONVERSION = YES;
				GCC_WARN_ABOUT_RETURN_TYPE = YES_ERROR;
				GCC_WARN_UNDECLARED_SELECTOR = YES;
				GCC_WARN_UNINITIALIZED_AUTOS = YES_AGGRESSIVE;
				GCC_WARN_UNUSED_FUNCTION = YES;
				GCC_WARN_UNUSED_VARIABLE = YES;
				IPHONEOS_DEPLOYMENT_TARGET = 11.3;
				MTL_ENABLE_DEBUG_INFO = NO;
				SDKROOT = iphoneos;
				SWIFT_COMPILATION_MODE = wholemodule;
				SWIFT_OPTIMIZATION_LEVEL = "-O";
				VALIDATE_PRODUCT = YES;
			};
			name = Release;
		};
		225835262186C39C00BE92D0 /* Debug */ = {
			isa = XCBuildConfiguration;
			baseConfigurationReference = 9F6D300B2F5463AFB9948D05 /* Pods-Todoey.debug.xcconfig */;
			buildSettings = {
				ASSETCATALOG_COMPILER_APPICON_NAME = AppIcon;
				CODE_SIGN_STYLE = Automatic;
				DEVELOPMENT_TEAM = "";
				FRAMEWORK_SEARCH_PATHS = "";
				INFOPLIST_FILE = Todoey/Info.plist;
				LD_RUNPATH_SEARCH_PATHS = (
					"$(inherited)",
					"@executable_path/Frameworks",
				);
				PRODUCT_BUNDLE_IDENTIFIER = com.zoefreeman.Todoey;
				PRODUCT_NAME = "$(TARGET_NAME)";
				SWIFT_VERSION = 4.0;
				TARGETED_DEVICE_FAMILY = "1,2";
			};
			name = Debug;
		};
		225835272186C39C00BE92D0 /* Release */ = {
			isa = XCBuildConfiguration;
			baseConfigurationReference = 337E2E7A9933BE0ECB521D5E /* Pods-Todoey.release.xcconfig */;
			buildSettings = {
				ASSETCATALOG_COMPILER_APPICON_NAME = AppIcon;
				CODE_SIGN_STYLE = Automatic;
				DEVELOPMENT_TEAM = "";
				FRAMEWORK_SEARCH_PATHS = "";
				INFOPLIST_FILE = Todoey/Info.plist;
				LD_RUNPATH_SEARCH_PATHS = (
					"$(inherited)",
					"@executable_path/Frameworks",
				);
				PRODUCT_BUNDLE_IDENTIFIER = com.zoefreeman.Todoey;
				PRODUCT_NAME = "$(TARGET_NAME)";
				SWIFT_VERSION = 4.0;
				TARGETED_DEVICE_FAMILY = "1,2";
			};
			name = Release;
		};
/* End XCBuildConfiguration section */

/* Begin XCConfigurationList section */
		2258350E2186C39900BE92D0 /* Build configuration list for PBXProject "Todoey" */ = {
			isa = XCConfigurationList;
			buildConfigurations = (
				225835232186C39C00BE92D0 /* Debug */,
				225835242186C39C00BE92D0 /* Release */,
			);
			defaultConfigurationIsVisible = 0;
			defaultConfigurationName = Release;
		};
		225835252186C39C00BE92D0 /* Build configuration list for PBXNativeTarget "Todoey" */ = {
			isa = XCConfigurationList;
			buildConfigurations = (
				225835262186C39C00BE92D0 /* Debug */,
				225835272186C39C00BE92D0 /* Release */,
			);
			defaultConfigurationIsVisible = 0;
			defaultConfigurationName = Release;
		};
/* End XCConfigurationList section */

/* Begin XCVersionGroup section */
		2213F0B2218AA33D007F770D /* DataModel.xcdatamodeld */ = {
			isa = XCVersionGroup;
			children = (
				2213F0B3218AA33D007F770D /* DataModel.xcdatamodel */,
			);
			currentVersion = 2213F0B3218AA33D007F770D /* DataModel.xcdatamodel */;
			path = DataModel.xcdatamodeld;
			sourceTree = "<group>";
			versionGroupType = wrapper.xcdatamodel;
		};
/* End XCVersionGroup section */
	};
	rootObject = 2258350B2186C39900BE92D0 /* Project object */;
}
